// !$*UTF8*$!
{
	archiveVersion = 1;
	classes = {
	};
	objectVersion = 77;
	objects = {

/* Begin PBXBuildFile section */
		AD772D7E2D8DD31300C63C65 /* WidgetKit.framework in Frameworks */ = {isa = PBXBuildFile; fileRef = AD772D7D2D8DD31300C63C65 /* WidgetKit.framework */; };
		AD772D802D8DD31300C63C65 /* SwiftUI.framework in Frameworks */ = {isa = PBXBuildFile; fileRef = AD772D7F2D8DD31300C63C65 /* SwiftUI.framework */; };
		AD772D912D8DD31500C63C65 /* DynamicCatWidgetExtensionExtension.appex in Embed Foundation Extensions */ = {isa = PBXBuildFile; fileRef = AD772D7B2D8DD31300C63C65 /* DynamicCatWidgetExtensionExtension.appex */; settings = {ATTRIBUTES = (RemoveHeadersOnCopy, ); }; };
/* End PBXBuildFile section */

/* Begin PBXContainerItemProxy section */
		AD772D5B2D8DC5A900C63C65 /* PBXContainerItemProxy */ = {
			isa = PBXContainerItemProxy;
			containerPortal = AD772D412D8DC5A700C63C65 /* Project object */;
			proxyType = 1;
			remoteGlobalIDString = AD772D482D8DC5A700C63C65;
			remoteInfo = DynamicCat;
		};
		AD772D652D8DC5A900C63C65 /* PBXContainerItemProxy */ = {
			isa = PBXContainerItemProxy;
			containerPortal = AD772D412D8DC5A700C63C65 /* Project object */;
			proxyType = 1;
			remoteGlobalIDString = AD772D482D8DC5A700C63C65;
			remoteInfo = DynamicCat;
		};
		AD772D8F2D8DD31500C63C65 /* PBXContainerItemProxy */ = {
			isa = PBXContainerItemProxy;
			containerPortal = AD772D412D8DC5A700C63C65 /* Project object */;
			proxyType = 1;
			remoteGlobalIDString = AD772D7A2D8DD31300C63C65;
			remoteInfo = DynamicCatWidgetExtensionExtension;
		};
/* End PBXContainerItemProxy section */

/* Begin PBXCopyFilesBuildPhase section */
		AD772D962D8DD31500C63C65 /* Embed Foundation Extensions */ = {
			isa = PBXCopyFilesBuildPhase;
			buildActionMask = 2147483647;
			dstPath = "";
			dstSubfolderSpec = 13;
			files = (
				AD772D912D8DD31500C63C65 /* DynamicCatWidgetExtensionExtension.appex in Embed Foundation Extensions */,
			);
			name = "Embed Foundation Extensions";
			runOnlyForDeploymentPostprocessing = 0;
		};
/* End PBXCopyFilesBuildPhase section */

/* Begin PBXFileReference section */
		AD772D492D8DC5A700C63C65 /* DynamicCat.app */ = {isa = PBXFileReference; explicitFileType = wrapper.application; includeInIndex = 0; path = DynamicCat.app; sourceTree = BUILT_PRODUCTS_DIR; };
		AD772D5A2D8DC5A900C63C65 /* DynamicCatTests.xctest */ = {isa = PBXFileReference; explicitFileType = wrapper.cfbundle; includeInIndex = 0; path = DynamicCatTests.xctest; sourceTree = BUILT_PRODUCTS_DIR; };
		AD772D642D8DC5A900C63C65 /* DynamicCatUITests.xctest */ = {isa = PBXFileReference; explicitFileType = wrapper.cfbundle; includeInIndex = 0; path = DynamicCatUITests.xctest; sourceTree = BUILT_PRODUCTS_DIR; };
		AD772D7B2D8DD31300C63C65 /* DynamicCatWidgetExtensionExtension.appex */ = {isa = PBXFileReference; explicitFileType = "wrapper.app-extension"; includeInIndex = 0; path = DynamicCatWidgetExtensionExtension.appex; sourceTree = BUILT_PRODUCTS_DIR; };
		AD772D7D2D8DD31300C63C65 /* WidgetKit.framework */ = {isa = PBXFileReference; lastKnownFileType = wrapper.framework; name = WidgetKit.framework; path = System/Library/Frameworks/WidgetKit.framework; sourceTree = SDKROOT; };
		AD772D7F2D8DD31300C63C65 /* SwiftUI.framework */ = {isa = PBXFileReference; lastKnownFileType = wrapper.framework; name = SwiftUI.framework; path = System/Library/Frameworks/SwiftUI.framework; sourceTree = SDKROOT; };
/* End PBXFileReference section */

/* Begin PBXFileSystemSynchronizedBuildFileExceptionSet section */
		AD772D922D8DD31500C63C65 /* Exceptions for "DynamicCatWidgetExtension" folder in "DynamicCatWidgetExtensionExtension" target */ = {
			isa = PBXFileSystemSynchronizedBuildFileExceptionSet;
			membershipExceptions = (
				DynamicCatLiveActivity.swift,
				Info.plist,
			);
			target = AD772D7A2D8DD31300C63C65 /* DynamicCatWidgetExtensionExtension */;
		};
		AD772DA12D8DE26400C63C65 /* Exceptions for "DynamicCatWidgetExtension" folder in "DynamicCat" target */ = {
			isa = PBXFileSystemSynchronizedBuildFileExceptionSet;
			membershipExceptions = (
				DynamicCatLiveActivity.swift,
			);
			target = AD772D482D8DC5A700C63C65 /* DynamicCat */;
		};
		AD772DA32D8DEA0900C63C65 /* Exceptions for "DynamicCat" folder in "DynamicCat" target */ = {
			isa = PBXFileSystemSynchronizedBuildFileExceptionSet;
			membershipExceptions = (
				Info.plist,
			);
			target = AD772D482D8DC5A700C63C65 /* DynamicCat */;
		};
		AD772DA72D8DEA9500C63C65 /* Exceptions for "DynamicCat" folder in "DynamicCatWidgetExtensionExtension" target */ = {
			isa = PBXFileSystemSynchronizedBuildFileExceptionSet;
			membershipExceptions = (
				SharedAttributes.swift,
			);
			target = AD772D7A2D8DD31300C63C65 /* DynamicCatWidgetExtensionExtension */;
		};
/* End PBXFileSystemSynchronizedBuildFileExceptionSet section */

/* Begin PBXFileSystemSynchronizedRootGroup section */
		AD772D4B2D8DC5A700C63C65 /* DynamicCat */ = {
			isa = PBXFileSystemSynchronizedRootGroup;
			exceptions = (
				AD772DA32D8DEA0900C63C65 /* Exceptions for "DynamicCat" folder in "DynamicCat" target */,
				AD772DA72D8DEA9500C63C65 /* Exceptions for "DynamicCat" folder in "DynamicCatWidgetExtensionExtension" target */,
			);
			path = DynamicCat;
			sourceTree = "<group>";
		};
		AD772D5D2D8DC5A900C63C65 /* DynamicCatTests */ = {
			isa = PBXFileSystemSynchronizedRootGroup;
			path = DynamicCatTests;
			sourceTree = "<group>";
		};
		AD772D672D8DC5A900C63C65 /* DynamicCatUITests */ = {
			isa = PBXFileSystemSynchronizedRootGroup;
			path = DynamicCatUITests;
			sourceTree = "<group>";
		};
		AD772D812D8DD31300C63C65 /* DynamicCatWidgetExtension */ = {
			isa = PBXFileSystemSynchronizedRootGroup;
			exceptions = (
				AD772DA12D8DE26400C63C65 /* Exceptions for "DynamicCatWidgetExtension" folder in "DynamicCat" target */,
				AD772D922D8DD31500C63C65 /* Exceptions for "DynamicCatWidgetExtension" folder in "DynamicCatWidgetExtensionExtension" target */,
			);
			path = DynamicCatWidgetExtension;
			sourceTree = "<group>";
		};
/* End PBXFileSystemSynchronizedRootGroup section */

/* Begin PBXFrameworksBuildPhase section */
		AD772D462D8DC5A700C63C65 /* Frameworks */ = {
			isa = PBXFrameworksBuildPhase;
			buildActionMask = 2147483647;
			files = (
			);
			runOnlyForDeploymentPostprocessing = 0;
		};
		AD772D572D8DC5A900C63C65 /* Frameworks */ = {
			isa = PBXFrameworksBuildPhase;
			buildActionMask = 2147483647;
			files = (
			);
			runOnlyForDeploymentPostprocessing = 0;
		};
		AD772D612D8DC5A900C63C65 /* Frameworks */ = {
			isa = PBXFrameworksBuildPhase;
			buildActionMask = 2147483647;
			files = (
			);
			runOnlyForDeploymentPostprocessing = 0;
		};
		AD772D782D8DD31300C63C65 /* Frameworks */ = {
			isa = PBXFrameworksBuildPhase;
			buildActionMask = 2147483647;
			files = (
				AD772D802D8DD31300C63C65 /* SwiftUI.framework in Frameworks */,
				AD772D7E2D8DD31300C63C65 /* WidgetKit.framework in Frameworks */,
			);
			runOnlyForDeploymentPostprocessing = 0;
		};
/* End PBXFrameworksBuildPhase section */

/* Begin PBXGroup section */
		AD772D402D8DC5A700C63C65 = {
			isa = PBXGroup;
			children = (
				AD772D4B2D8DC5A700C63C65 /* DynamicCat */,
				AD772D5D2D8DC5A900C63C65 /* DynamicCatTests */,
				AD772D672D8DC5A900C63C65 /* DynamicCatUITests */,
				AD772D812D8DD31300C63C65 /* DynamicCatWidgetExtension */,
				AD772D7C2D8DD31300C63C65 /* Frameworks */,
				AD772D4A2D8DC5A700C63C65 /* Products */,
			);
			sourceTree = "<group>";
		};
		AD772D4A2D8DC5A700C63C65 /* Products */ = {
			isa = PBXGroup;
			children = (
				AD772D492D8DC5A700C63C65 /* DynamicCat.app */,
				AD772D5A2D8DC5A900C63C65 /* DynamicCatTests.xctest */,
				AD772D642D8DC5A900C63C65 /* DynamicCatUITests.xctest */,
				AD772D7B2D8DD31300C63C65 /* DynamicCatWidgetExtensionExtension.appex */,
			);
			name = Products;
			sourceTree = "<group>";
		};
		AD772D7C2D8DD31300C63C65 /* Frameworks */ = {
			isa = PBXGroup;
			children = (
				AD772D7D2D8DD31300C63C65 /* WidgetKit.framework */,
				AD772D7F2D8DD31300C63C65 /* SwiftUI.framework */,
			);
			name = Frameworks;
			sourceTree = "<group>";
		};
/* End PBXGroup section */

/* Begin PBXNativeTarget section */
		AD772D482D8DC5A700C63C65 /* DynamicCat */ = {
			isa = PBXNativeTarget;
			buildConfigurationList = AD772D6E2D8DC5A900C63C65 /* Build configuration list for PBXNativeTarget "DynamicCat" */;
			buildPhases = (
				AD772D452D8DC5A700C63C65 /* Sources */,
				AD772D462D8DC5A700C63C65 /* Frameworks */,
				AD772D472D8DC5A700C63C65 /* Resources */,
				AD772D962D8DD31500C63C65 /* Embed Foundation Extensions */,
			);
			buildRules = (
			);
			dependencies = (
				AD772D902D8DD31500C63C65 /* PBXTargetDependency */,
			);
			fileSystemSynchronizedGroups = (
				AD772D4B2D8DC5A700C63C65 /* DynamicCat */,
			);
			name = DynamicCat;
			packageProductDependencies = (
			);
			productName = DynamicCat;
			productReference = AD772D492D8DC5A700C63C65 /* DynamicCat.app */;
			productType = "com.apple.product-type.application";
		};
		AD772D592D8DC5A900C63C65 /* DynamicCatTests */ = {
			isa = PBXNativeTarget;
			buildConfigurationList = AD772D712D8DC5A900C63C65 /* Build configuration list for PBXNativeTarget "DynamicCatTests" */;
			buildPhases = (
				AD772D562D8DC5A900C63C65 /* Sources */,
				AD772D572D8DC5A900C63C65 /* Frameworks */,
				AD772D582D8DC5A900C63C65 /* Resources */,
			);
			buildRules = (
			);
			dependencies = (
				AD772D5C2D8DC5A900C63C65 /* PBXTargetDependency */,
			);
			fileSystemSynchronizedGroups = (
				AD772D5D2D8DC5A900C63C65 /* DynamicCatTests */,
			);
			name = DynamicCatTests;
			packageProductDependencies = (
			);
			productName = DynamicCatTests;
			productReference = AD772D5A2D8DC5A900C63C65 /* DynamicCatTests.xctest */;
			productType = "com.apple.product-type.bundle.unit-test";
		};
		AD772D632D8DC5A900C63C65 /* DynamicCatUITests */ = {
			isa = PBXNativeTarget;
			buildConfigurationList = AD772D742D8DC5A900C63C65 /* Build configuration list for PBXNativeTarget "DynamicCatUITests" */;
			buildPhases = (
				AD772D602D8DC5A900C63C65 /* Sources */,
				AD772D612D8DC5A900C63C65 /* Frameworks */,
				AD772D622D8DC5A900C63C65 /* Resources */,
			);
			buildRules = (
			);
			dependencies = (
				AD772D662D8DC5A900C63C65 /* PBXTargetDependency */,
			);
			fileSystemSynchronizedGroups = (
				AD772D672D8DC5A900C63C65 /* DynamicCatUITests */,
			);
			name = DynamicCatUITests;
			packageProductDependencies = (
			);
			productName = DynamicCatUITests;
			productReference = AD772D642D8DC5A900C63C65 /* DynamicCatUITests.xctest */;
			productType = "com.apple.product-type.bundle.ui-testing";
		};
		AD772D7A2D8DD31300C63C65 /* DynamicCatWidgetExtensionExtension */ = {
			isa = PBXNativeTarget;
			buildConfigurationList = AD772D932D8DD31500C63C65 /* Build configuration list for PBXNativeTarget "DynamicCatWidgetExtensionExtension" */;
			buildPhases = (
				AD772D772D8DD31300C63C65 /* Sources */,
				AD772D782D8DD31300C63C65 /* Frameworks */,
				AD772D792D8DD31300C63C65 /* Resources */,
			);
			buildRules = (
			);
			dependencies = (
			);
			fileSystemSynchronizedGroups = (
				AD772D812D8DD31300C63C65 /* DynamicCatWidgetExtension */,
			);
			name = DynamicCatWidgetExtensionExtension;
			packageProductDependencies = (
			);
			productName = DynamicCatWidgetExtensionExtension;
			productReference = AD772D7B2D8DD31300C63C65 /* DynamicCatWidgetExtensionExtension.appex */;
			productType = "com.apple.product-type.app-extension";
		};
/* End PBXNativeTarget section */

/* Begin PBXProject section */
		AD772D412D8DC5A700C63C65 /* Project object */ = {
			isa = PBXProject;
			attributes = {
				BuildIndependentTargetsInParallel = 1;
				LastSwiftUpdateCheck = 1620;
				LastUpgradeCheck = 1620;
				TargetAttributes = {
					AD772D482D8DC5A700C63C65 = {
						CreatedOnToolsVersion = 16.2;
					};
					AD772D592D8DC5A900C63C65 = {
						CreatedOnToolsVersion = 16.2;
						TestTargetID = AD772D482D8DC5A700C63C65;
					};
					AD772D632D8DC5A900C63C65 = {
						CreatedOnToolsVersion = 16.2;
						TestTargetID = AD772D482D8DC5A700C63C65;
					};
					AD772D7A2D8DD31300C63C65 = {
						CreatedOnToolsVersion = 16.2;
					};
				};
			};
			buildConfigurationList = AD772D442D8DC5A700C63C65 /* Build configuration list for PBXProject "DynamicCat" */;
			developmentRegion = en;
			hasScannedForEncodings = 0;
			knownRegions = (
				en,
				Base,
			);
			mainGroup = AD772D402D8DC5A700C63C65;
			minimizedProjectReferenceProxies = 1;
			preferredProjectObjectVersion = 77;
			productRefGroup = AD772D4A2D8DC5A700C63C65 /* Products */;
			projectDirPath = "";
			projectRoot = "";
			targets = (
				AD772D482D8DC5A700C63C65 /* DynamicCat */,
				AD772D592D8DC5A900C63C65 /* DynamicCatTests */,
				AD772D632D8DC5A900C63C65 /* DynamicCatUITests */,
				AD772D7A2D8DD31300C63C65 /* DynamicCatWidgetExtensionExtension */,
			);
		};
/* End PBXProject section */

/* Begin PBXResourcesBuildPhase section */
		AD772D472D8DC5A700C63C65 /* Resources */ = {
			isa = PBXResourcesBuildPhase;
			buildActionMask = 2147483647;
			files = (
			);
			runOnlyForDeploymentPostprocessing = 0;
		};
		AD772D582D8DC5A900C63C65 /* Resources */ = {
			isa = PBXResourcesBuildPhase;
			buildActionMask = 2147483647;
			files = (
			);
			runOnlyForDeploymentPostprocessing = 0;
		};
		AD772D622D8DC5A900C63C65 /* Resources */ = {
			isa = PBXResourcesBuildPhase;
			buildActionMask = 2147483647;
			files = (
			);
			runOnlyForDeploymentPostprocessing = 0;
		};
		AD772D792D8DD31300C63C65 /* Resources */ = {
			isa = PBXResourcesBuildPhase;
			buildActionMask = 2147483647;
			files = (
			);
			runOnlyForDeploymentPostprocessing = 0;
		};
/* End PBXResourcesBuildPhase section */

/* Begin PBXSourcesBuildPhase section */
		AD772D452D8DC5A700C63C65 /* Sources */ = {
			isa = PBXSourcesBuildPhase;
			buildActionMask = 2147483647;
			files = (
			);
			runOnlyForDeploymentPostprocessing = 0;
		};
		AD772D562D8DC5A900C63C65 /* Sources */ = {
			isa = PBXSourcesBuildPhase;
			buildActionMask = 2147483647;
			files = (
			);
			runOnlyForDeploymentPostprocessing = 0;
		};
		AD772D602D8DC5A900C63C65 /* Sources */ = {
			isa = PBXSourcesBuildPhase;
			buildActionMask = 2147483647;
			files = (
			);
			runOnlyForDeploymentPostprocessing = 0;
		};
		AD772D772D8DD31300C63C65 /* Sources */ = {
			isa = PBXSourcesBuildPhase;
			buildActionMask = 2147483647;
			files = (
			);
			runOnlyForDeploymentPostprocessing = 0;
		};
/* End PBXSourcesBuildPhase section */

/* Begin PBXTargetDependency section */
		AD772D5C2D8DC5A900C63C65 /* PBXTargetDependency */ = {
			isa = PBXTargetDependency;
			target = AD772D482D8DC5A700C63C65 /* DynamicCat */;
			targetProxy = AD772D5B2D8DC5A900C63C65 /* PBXContainerItemProxy */;
		};
		AD772D662D8DC5A900C63C65 /* PBXTargetDependency */ = {
			isa = PBXTargetDependency;
			target = AD772D482D8DC5A700C63C65 /* DynamicCat */;
			targetProxy = AD772D652D8DC5A900C63C65 /* PBXContainerItemProxy */;
		};
		AD772D902D8DD31500C63C65 /* PBXTargetDependency */ = {
			isa = PBXTargetDependency;
			target = AD772D7A2D8DD31300C63C65 /* DynamicCatWidgetExtensionExtension */;
			targetProxy = AD772D8F2D8DD31500C63C65 /* PBXContainerItemProxy */;
		};
/* End PBXTargetDependency section */

/* Begin XCBuildConfiguration section */
		AD772D6C2D8DC5A900C63C65 /* Debug */ = {
			isa = XCBuildConfiguration;
			buildSettings = {
				ALWAYS_SEARCH_USER_PATHS = NO;
				ASSETCATALOG_COMPILER_GENERATE_SWIFT_ASSET_SYMBOL_EXTENSIONS = YES;
				CLANG_ANALYZER_NONNULL = YES;
				CLANG_ANALYZER_NUMBER_OBJECT_CONVERSION = YES_AGGRESSIVE;
				CLANG_CXX_LANGUAGE_STANDARD = "gnu++20";
				CLANG_ENABLE_MODULES = YES;
				CLANG_ENABLE_OBJC_ARC = YES;
				CLANG_ENABLE_OBJC_WEAK = YES;
				CLANG_WARN_BLOCK_CAPTURE_AUTORELEASING = YES;
				CLANG_WARN_BOOL_CONVERSION = YES;
				CLANG_WARN_COMMA = YES;
				CLANG_WARN_CONSTANT_CONVERSION = YES;
				CLANG_WARN_DEPRECATED_OBJC_IMPLEMENTATIONS = YES;
				CLANG_WARN_DIRECT_OBJC_ISA_USAGE = YES_ERROR;
				CLANG_WARN_DOCUMENTATION_COMMENTS = YES;
				CLANG_WARN_EMPTY_BODY = YES;
				CLANG_WARN_ENUM_CONVERSION = YES;
				CLANG_WARN_INFINITE_RECURSION = YES;
				CLANG_WARN_INT_CONVERSION = YES;
				CLANG_WARN_NON_LITERAL_NULL_CONVERSION = YES;
				CLANG_WARN_OBJC_IMPLICIT_RETAIN_SELF = YES;
				CLANG_WARN_OBJC_LITERAL_CONVERSION = YES;
				CLANG_WARN_OBJC_ROOT_CLASS = YES_ERROR;
				CLANG_WARN_QUOTED_INCLUDE_IN_FRAMEWORK_HEADER = YES;
				CLANG_WARN_RANGE_LOOP_ANALYSIS = YES;
				CLANG_WARN_STRICT_PROTOTYPES = YES;
				CLANG_WARN_SUSPICIOUS_MOVE = YES;
				CLANG_WARN_UNGUARDED_AVAILABILITY = YES_AGGRESSIVE;
				CLANG_WARN_UNREACHABLE_CODE = YES;
				CLANG_WARN__DUPLICATE_METHOD_MATCH = YES;
				COPY_PHASE_STRIP = NO;
				DEBUG_INFORMATION_FORMAT = dwarf;
				ENABLE_STRICT_OBJC_MSGSEND = YES;
				ENABLE_TESTABILITY = YES;
				ENABLE_USER_SCRIPT_SANDBOXING = YES;
				GCC_C_LANGUAGE_STANDARD = gnu17;
				GCC_DYNAMIC_NO_PIC = NO;
				GCC_NO_COMMON_BLOCKS = YES;
				GCC_OPTIMIZATION_LEVEL = 0;
				GCC_PREPROCESSOR_DEFINITIONS = (
					"DEBUG=1",
					"$(inherited)",
				);
				GCC_WARN_64_TO_32_BIT_CONVERSION = YES;
				GCC_WARN_ABOUT_RETURN_TYPE = YES_ERROR;
				GCC_WARN_UNDECLARED_SELECTOR = YES;
				GCC_WARN_UNINITIALIZED_AUTOS = YES_AGGRESSIVE;
				GCC_WARN_UNUSED_FUNCTION = YES;
				GCC_WARN_UNUSED_VARIABLE = YES;
				LOCALIZATION_PREFERS_STRING_CATALOGS = YES;
				MTL_ENABLE_DEBUG_INFO = INCLUDE_SOURCE;
				MTL_FAST_MATH = YES;
				ONLY_ACTIVE_ARCH = YES;
				SWIFT_ACTIVE_COMPILATION_CONDITIONS = "DEBUG $(inherited)";
				SWIFT_OPTIMIZATION_LEVEL = "-Onone";
			};
			name = Debug;
		};
		AD772D6D2D8DC5A900C63C65 /* Release */ = {
			isa = XCBuildConfiguration;
			buildSettings = {
				ALWAYS_SEARCH_USER_PATHS = NO;
				ASSETCATALOG_COMPILER_GENERATE_SWIFT_ASSET_SYMBOL_EXTENSIONS = YES;
				CLANG_ANALYZER_NONNULL = YES;
				CLANG_ANALYZER_NUMBER_OBJECT_CONVERSION = YES_AGGRESSIVE;
				CLANG_CXX_LANGUAGE_STANDARD = "gnu++20";
				CLANG_ENABLE_MODULES = YES;
				CLANG_ENABLE_OBJC_ARC = YES;
				CLANG_ENABLE_OBJC_WEAK = YES;
				CLANG_WARN_BLOCK_CAPTURE_AUTORELEASING = YES;
				CLANG_WARN_BOOL_CONVERSION = YES;
				CLANG_WARN_COMMA = YES;
				CLANG_WARN_CONSTANT_CONVERSION = YES;
				CLANG_WARN_DEPRECATED_OBJC_IMPLEMENTATIONS = YES;
				CLANG_WARN_DIRECT_OBJC_ISA_USAGE = YES_ERROR;
				CLANG_WARN_DOCUMENTATION_COMMENTS = YES;
				CLANG_WARN_EMPTY_BODY = YES;
				CLANG_WARN_ENUM_CONVERSION = YES;
				CLANG_WARN_INFINITE_RECURSION = YES;
				CLANG_WARN_INT_CONVERSION = YES;
				CLANG_WARN_NON_LITERAL_NULL_CONVERSION = YES;
				CLANG_WARN_OBJC_IMPLICIT_RETAIN_SELF = YES;
				CLANG_WARN_OBJC_LITERAL_CONVERSION = YES;
				CLANG_WARN_OBJC_ROOT_CLASS = YES_ERROR;
				CLANG_WARN_QUOTED_INCLUDE_IN_FRAMEWORK_HEADER = YES;
				CLANG_WARN_RANGE_LOOP_ANALYSIS = YES;
				CLANG_WARN_STRICT_PROTOTYPES = YES;
				CLANG_WARN_SUSPICIOUS_MOVE = YES;
				CLANG_WARN_UNGUARDED_AVAILABILITY = YES_AGGRESSIVE;
				CLANG_WARN_UNREACHABLE_CODE = YES;
				CLANG_WARN__DUPLICATE_METHOD_MATCH = YES;
				COPY_PHASE_STRIP = NO;
				DEBUG_INFORMATION_FORMAT = "dwarf-with-dsym";
				ENABLE_NS_ASSERTIONS = NO;
				ENABLE_STRICT_OBJC_MSGSEND = YES;
				ENABLE_USER_SCRIPT_SANDBOXING = YES;
				GCC_C_LANGUAGE_STANDARD = gnu17;
				GCC_NO_COMMON_BLOCKS = YES;
				GCC_WARN_64_TO_32_BIT_CONVERSION = YES;
				GCC_WARN_ABOUT_RETURN_TYPE = YES_ERROR;
				GCC_WARN_UNDECLARED_SELECTOR = YES;
				GCC_WARN_UNINITIALIZED_AUTOS = YES_AGGRESSIVE;
				GCC_WARN_UNUSED_FUNCTION = YES;
				GCC_WARN_UNUSED_VARIABLE = YES;
				LOCALIZATION_PREFERS_STRING_CATALOGS = YES;
				MTL_ENABLE_DEBUG_INFO = NO;
				MTL_FAST_MATH = YES;
				SWIFT_COMPILATION_MODE = wholemodule;
			};
			name = Release;
		};
		AD772D6F2D8DC5A900C63C65 /* Debug */ = {
			isa = XCBuildConfiguration;
			buildSettings = {
				ASSETCATALOG_COMPILER_APPICON_NAME = AppIcon;
				ASSETCATALOG_COMPILER_GLOBAL_ACCENT_COLOR_NAME = AccentColor;
				CODE_SIGN_ENTITLEMENTS = DynamicCat/DynamicCat.entitlements;
				CODE_SIGN_STYLE = Automatic;
				CURRENT_PROJECT_VERSION = 1;
				DEVELOPMENT_ASSET_PATHS = "\"DynamicCat/Preview Content\"";
				DEVELOPMENT_TEAM = L2NAN5CVVD;
				ENABLE_HARDENED_RUNTIME = YES;
				ENABLE_PREVIEWS = YES;
				GENERATE_INFOPLIST_FILE = YES;
				INFOPLIST_FILE = DynamicCat/Info.plist;
				INFOPLIST_KEY_NSSupportsLiveActivities = YES;
				INFOPLIST_KEY_NSSupportsLiveActivitiesFrequentUpdates = YES;
				"INFOPLIST_KEY_UIApplicationSceneManifest_Generation[sdk=iphoneos*]" = YES;
				"INFOPLIST_KEY_UIApplicationSceneManifest_Generation[sdk=iphonesimulator*]" = YES;
				"INFOPLIST_KEY_UIApplicationSupportsIndirectInputEvents[sdk=iphoneos*]" = YES;
				"INFOPLIST_KEY_UIApplicationSupportsIndirectInputEvents[sdk=iphonesimulator*]" = YES;
				"INFOPLIST_KEY_UILaunchScreen_Generation[sdk=iphoneos*]" = YES;
				"INFOPLIST_KEY_UILaunchScreen_Generation[sdk=iphonesimulator*]" = YES;
				"INFOPLIST_KEY_UIStatusBarStyle[sdk=iphoneos*]" = UIStatusBarStyleDefault;
				"INFOPLIST_KEY_UIStatusBarStyle[sdk=iphonesimulator*]" = UIStatusBarStyleDefault;
				INFOPLIST_KEY_UISupportedInterfaceOrientations_iPad = "UIInterfaceOrientationPortrait UIInterfaceOrientationPortraitUpsideDown UIInterfaceOrientationLandscapeLeft UIInterfaceOrientationLandscapeRight";
				INFOPLIST_KEY_UISupportedInterfaceOrientations_iPhone = "UIInterfaceOrientationPortrait UIInterfaceOrientationLandscapeLeft UIInterfaceOrientationLandscapeRight";
				IPHONEOS_DEPLOYMENT_TARGET = 18.2;
				LD_RUNPATH_SEARCH_PATHS = "@executable_path/Frameworks";
				"LD_RUNPATH_SEARCH_PATHS[sdk=macosx*]" = "@executable_path/../Frameworks";
				MACOSX_DEPLOYMENT_TARGET = 15.2;
				MARKETING_VERSION = 1.0;
				PRODUCT_BUNDLE_IDENTIFIER = com.sion555.DynamicCat;
				PRODUCT_NAME = "$(TARGET_NAME)";
				SDKROOT = auto;
				SUPPORTED_PLATFORMS = "iphoneos iphonesimulator macosx xros xrsimulator";
				SWIFT_EMIT_LOC_STRINGS = YES;
				SWIFT_VERSION = 5.0;
				TARGETED_DEVICE_FAMILY = "1,2,7";
				XROS_DEPLOYMENT_TARGET = 2.2;
			};
			name = Debug;
		};
		AD772D702D8DC5A900C63C65 /* Release */ = {
			isa = XCBuildConfiguration;
			buildSettings = {
				ASSETCATALOG_COMPILER_APPICON_NAME = AppIcon;
				ASSETCATALOG_COMPILER_GLOBAL_ACCENT_COLOR_NAME = AccentColor;
				CODE_SIGN_ENTITLEMENTS = DynamicCat/DynamicCat.entitlements;
				CODE_SIGN_STYLE = Automatic;
				CURRENT_PROJECT_VERSION = 1;
				DEVELOPMENT_ASSET_PATHS = "\"DynamicCat/Preview Content\"";
				DEVELOPMENT_TEAM = L2NAN5CVVD;
				ENABLE_HARDENED_RUNTIME = YES;
				ENABLE_PREVIEWS = YES;
				GENERATE_INFOPLIST_FILE = YES;
				INFOPLIST_FILE = DynamicCat/Info.plist;
				INFOPLIST_KEY_NSSupportsLiveActivities = YES;
				INFOPLIST_KEY_NSSupportsLiveActivitiesFrequentUpdates = YES;
				"INFOPLIST_KEY_UIApplicationSceneManifest_Generation[sdk=iphoneos*]" = YES;
				"INFOPLIST_KEY_UIApplicationSceneManifest_Generation[sdk=iphonesimulator*]" = YES;
				"INFOPLIST_KEY_UIApplicationSupportsIndirectInputEvents[sdk=iphoneos*]" = YES;
				"INFOPLIST_KEY_UIApplicationSupportsIndirectInputEvents[sdk=iphonesimulator*]" = YES;
				"INFOPLIST_KEY_UILaunchScreen_Generation[sdk=iphoneos*]" = YES;
				"INFOPLIST_KEY_UILaunchScreen_Generation[sdk=iphonesimulator*]" = YES;
				"INFOPLIST_KEY_UIStatusBarStyle[sdk=iphoneos*]" = UIStatusBarStyleDefault;
				"INFOPLIST_KEY_UIStatusBarStyle[sdk=iphonesimulator*]" = UIStatusBarStyleDefault;
				INFOPLIST_KEY_UISupportedInterfaceOrientations_iPad = "UIInterfaceOrientationPortrait UIInterfaceOrientationPortraitUpsideDown UIInterfaceOrientationLandscapeLeft UIInterfaceOrientationLandscapeRight";
				INFOPLIST_KEY_UISupportedInterfaceOrientations_iPhone = "UIInterfaceOrientationPortrait UIInterfaceOrientationLandscapeLeft UIInterfaceOrientationLandscapeRight";
				IPHONEOS_DEPLOYMENT_TARGET = 18.2;
				LD_RUNPATH_SEARCH_PATHS = "@executable_path/Frameworks";
				"LD_RUNPATH_SEARCH_PATHS[sdk=macosx*]" = "@executable_path/../Frameworks";
				MACOSX_DEPLOYMENT_TARGET = 15.2;
				MARKETING_VERSION = 1.0;
				PRODUCT_BUNDLE_IDENTIFIER = com.sion555.DynamicCat;
				PRODUCT_NAME = "$(TARGET_NAME)";
				SDKROOT = auto;
				SUPPORTED_PLATFORMS = "iphoneos iphonesimulator macosx xros xrsimulator";
				SWIFT_EMIT_LOC_STRINGS = YES;
				SWIFT_VERSION = 5.0;
				TARGETED_DEVICE_FAMILY = "1,2,7";
				XROS_DEPLOYMENT_TARGET = 2.2;
			};
			name = Release;
		};
		AD772D722D8DC5A900C63C65 /* Debug */ = {
			isa = XCBuildConfiguration;
			buildSettings = {
				BUNDLE_LOADER = "$(TEST_HOST)";
				CODE_SIGN_STYLE = Automatic;
				CURRENT_PROJECT_VERSION = 1;
				DEVELOPMENT_TEAM = L2NAN5CVVD;
				GENERATE_INFOPLIST_FILE = YES;
				IPHONEOS_DEPLOYMENT_TARGET = 18.2;
				MACOSX_DEPLOYMENT_TARGET = 15.2;
				MARKETING_VERSION = 1.0;
				PRODUCT_BUNDLE_IDENTIFIER = com.sion555.DynamicCatTests;
				PRODUCT_NAME = "$(TARGET_NAME)";
				SDKROOT = auto;
				SUPPORTED_PLATFORMS = "iphoneos iphonesimulator macosx xros xrsimulator";
				SWIFT_EMIT_LOC_STRINGS = NO;
				SWIFT_VERSION = 5.0;
				TARGETED_DEVICE_FAMILY = "1,2,7";
				TEST_HOST = "$(BUILT_PRODUCTS_DIR)/DynamicCat.app/$(BUNDLE_EXECUTABLE_FOLDER_PATH)/DynamicCat";
				XROS_DEPLOYMENT_TARGET = 2.2;
			};
			name = Debug;
		};
		AD772D732D8DC5A900C63C65 /* Release */ = {
			isa = XCBuildConfiguration;
			buildSettings = {
				BUNDLE_LOADER = "$(TEST_HOST)";
				CODE_SIGN_STYLE = Automatic;
				CURRENT_PROJECT_VERSION = 1;
				DEVELOPMENT_TEAM = L2NAN5CVVD;
				GENERATE_INFOPLIST_FILE = YES;
				IPHONEOS_DEPLOYMENT_TARGET = 18.2;
				MACOSX_DEPLOYMENT_TARGET = 15.2;
				MARKETING_VERSION = 1.0;
				PRODUCT_BUNDLE_IDENTIFIER = com.sion555.DynamicCatTests;
				PRODUCT_NAME = "$(TARGET_NAME)";
				SDKROOT = auto;
				SUPPORTED_PLATFORMS = "iphoneos iphonesimulator macosx xros xrsimulator";
				SWIFT_EMIT_LOC_STRINGS = NO;
				SWIFT_VERSION = 5.0;
				TARGETED_DEVICE_FAMILY = "1,2,7";
				TEST_HOST = "$(BUILT_PRODUCTS_DIR)/DynamicCat.app/$(BUNDLE_EXECUTABLE_FOLDER_PATH)/DynamicCat";
				XROS_DEPLOYMENT_TARGET = 2.2;
			};
			name = Release;
		};
		AD772D752D8DC5A900C63C65 /* Debug */ = {
			isa = XCBuildConfiguration;
			buildSettings = {
				CODE_SIGN_STYLE = Automatic;
				CURRENT_PROJECT_VERSION = 1;
				DEVELOPMENT_TEAM = L2NAN5CVVD;
				GENERATE_INFOPLIST_FILE = YES;
				IPHONEOS_DEPLOYMENT_TARGET = 18.2;
				MACOSX_DEPLOYMENT_TARGET = 15.2;
				MARKETING_VERSION = 1.0;
				PRODUCT_BUNDLE_IDENTIFIER = com.sion555.DynamicCatUITests;
				PRODUCT_NAME = "$(TARGET_NAME)";
				SDKROOT = auto;
				SUPPORTED_PLATFORMS = "iphoneos iphonesimulator macosx xros xrsimulator";
				SWIFT_EMIT_LOC_STRINGS = NO;
				SWIFT_VERSION = 5.0;
				TARGETED_DEVICE_FAMILY = "1,2,7";
				TEST_TARGET_NAME = DynamicCat;
				XROS_DEPLOYMENT_TARGET = 2.2;
			};
			name = Debug;
		};
		AD772D762D8DC5A900C63C65 /* Release */ = {
			isa = XCBuildConfiguration;
			buildSettings = {
				CODE_SIGN_STYLE = Automatic;
				CURRENT_PROJECT_VERSION = 1;
				DEVELOPMENT_TEAM = L2NAN5CVVD;
				GENERATE_INFOPLIST_FILE = YES;
				IPHONEOS_DEPLOYMENT_TARGET = 18.2;
				MACOSX_DEPLOYMENT_TARGET = 15.2;
				MARKETING_VERSION = 1.0;
				PRODUCT_BUNDLE_IDENTIFIER = com.sion555.DynamicCatUITests;
				PRODUCT_NAME = "$(TARGET_NAME)";
				SDKROOT = auto;
				SUPPORTED_PLATFORMS = "iphoneos iphonesimulator macosx xros xrsimulator";
				SWIFT_EMIT_LOC_STRINGS = NO;
				SWIFT_VERSION = 5.0;
				TARGETED_DEVICE_FAMILY = "1,2,7";
				TEST_TARGET_NAME = DynamicCat;
				XROS_DEPLOYMENT_TARGET = 2.2;
			};
			name = Release;
		};
		AD772D942D8DD31500C63C65 /* Debug */ = {
			isa = XCBuildConfiguration;
			buildSettings = {
				ASSETCATALOG_COMPILER_GLOBAL_ACCENT_COLOR_NAME = AccentColor;
				ASSETCATALOG_COMPILER_WIDGET_BACKGROUND_COLOR_NAME = WidgetBackground;
				CODE_SIGN_STYLE = Automatic;
				CURRENT_PROJECT_VERSION = 1;
				DEVELOPMENT_TEAM = L2NAN5CVVD;
				GENERATE_INFOPLIST_FILE = YES;
				INFOPLIST_FILE = DynamicCatWidgetExtension/Info.plist;
				INFOPLIST_KEY_CFBundleDisplayName = DynamicCatWidgetExtension;
				INFOPLIST_KEY_NSHumanReadableCopyright = "";
				IPHONEOS_DEPLOYMENT_TARGET = 18.2;
				LD_RUNPATH_SEARCH_PATHS = (
					"$(inherited)",
					"@executable_path/Frameworks",
					"@executable_path/../../Frameworks",
				);
				MARKETING_VERSION = 1.0;
				PRODUCT_BUNDLE_IDENTIFIER = com.sion555.DynamicCat.DynamicCatWidgetExtension;
				PRODUCT_NAME = "$(TARGET_NAME)";
				SDKROOT = iphoneos;
				SKIP_INSTALL = YES;
				SWIFT_EMIT_LOC_STRINGS = YES;
				SWIFT_VERSION = 5.0;
				TARGETED_DEVICE_FAMILY = "1,2";
			};
			name = Debug;
		};
		AD772D952D8DD31500C63C65 /* Release */ = {
			isa = XCBuildConfiguration;
			buildSettings = {
				ASSETCATALOG_COMPILER_GLOBAL_ACCENT_COLOR_NAME = AccentColor;
				ASSETCATALOG_COMPILER_WIDGET_BACKGROUND_COLOR_NAME = WidgetBackground;
				CODE_SIGN_STYLE = Automatic;
				CURRENT_PROJECT_VERSION = 1;
				DEVELOPMENT_TEAM = L2NAN5CVVD;
				GENERATE_INFOPLIST_FILE = YES;
				INFOPLIST_FILE = DynamicCatWidgetExtension/Info.plist;
				INFOPLIST_KEY_CFBundleDisplayName = DynamicCatWidgetExtension;
				INFOPLIST_KEY_NSHumanReadableCopyright = "";
				IPHONEOS_DEPLOYMENT_TARGET = 18.2;
				LD_RUNPATH_SEARCH_PATHS = (
					"$(inherited)",
					"@executable_path/Frameworks",
					"@executable_path/../../Frameworks",
				);
				MARKETING_VERSION = 1.0;
				PRODUCT_BUNDLE_IDENTIFIER = com.sion555.DynamicCat.DynamicCatWidgetExtension;
				PRODUCT_NAME = "$(TARGET_NAME)";
				SDKROOT = iphoneos;
				SKIP_INSTALL = YES;
				SWIFT_EMIT_LOC_STRINGS = YES;
				SWIFT_VERSION = 5.0;
				TARGETED_DEVICE_FAMILY = "1,2";
				VALIDATE_PRODUCT = YES;
			};
			name = Release;
		};
/* End XCBuildConfiguration section */

/* Begin XCConfigurationList section */
		AD772D442D8DC5A700C63C65 /* Build configuration list for PBXProject "DynamicCat" */ = {
			isa = XCConfigurationList;
			buildConfigurations = (
				AD772D6C2D8DC5A900C63C65 /* Debug */,
				AD772D6D2D8DC5A900C63C65 /* Release */,
			);
			defaultConfigurationIsVisible = 0;
			defaultConfigurationName = Release;
		};
		AD772D6E2D8DC5A900C63C65 /* Build configuration list for PBXNativeTarget "DynamicCat" */ = {
			isa = XCConfigurationList;
			buildConfigurations = (
				AD772D6F2D8DC5A900C63C65 /* Debug */,
				AD772D702D8DC5A900C63C65 /* Release */,
			);
			defaultConfigurationIsVisible = 0;
			defaultConfigurationName = Release;
		};
		AD772D712D8DC5A900C63C65 /* Build configuration list for PBXNativeTarget "DynamicCatTests" */ = {
			isa = XCConfigurationList;
			buildConfigurations = (
				AD772D722D8DC5A900C63C65 /* Debug */,
				AD772D732D8DC5A900C63C65 /* Release */,
			);
			defaultConfigurationIsVisible = 0;
			defaultConfigurationName = Release;
		};
		AD772D742D8DC5A900C63C65 /* Build configuration list for PBXNativeTarget "DynamicCatUITests" */ = {
			isa = XCConfigurationList;
			buildConfigurations = (
				AD772D752D8DC5A900C63C65 /* Debug */,
				AD772D762D8DC5A900C63C65 /* Release */,
			);
			defaultConfigurationIsVisible = 0;
			defaultConfigurationName = Release;
		};
		AD772D932D8DD31500C63C65 /* Build configuration list for PBXNativeTarget "DynamicCatWidgetExtensionExtension" */ = {
			isa = XCConfigurationList;
			buildConfigurations = (
				AD772D942D8DD31500C63C65 /* Debug */,
				AD772D952D8DD31500C63C65 /* Release */,
			);
			defaultConfigurationIsVisible = 0;
			defaultConfigurationName = Release;
		};
/* End XCConfigurationList section */
	};
	rootObject = AD772D412D8DC5A700C63C65 /* Project object */;
}
